// !$*UTF8*$!
{
	archiveVersion = 1;
	classes = {
	};
	objectVersion = 56;
	objects = {

/* Begin PBXBuildFile section */
		1BCB6DCE2DC8CFDF003E6FD8 /* AppDelegate.swift in Sources */ = {isa = PBXBuildFile; fileRef = 1BCB6DCD2DC8CFDF003E6FD8 /* AppDelegate.swift */; };
		1BCB6DD02DC8CFDF003E6FD8 /* SceneDelegate.swift in Sources */ = {isa = PBXBuildFile; fileRef = 1BCB6DCF2DC8CFDF003E6FD8 /* SceneDelegate.swift */; };
		1BCB6DD72DC8CFE0003E6FD8 /* Assets.xcassets in Resources */ = {isa = PBXBuildFile; fileRef = 1BCB6DD62DC8CFE0003E6FD8 /* Assets.xcassets */; };
		1BCB6DDA2DC8CFE0003E6FD8 /* Base in Resources */ = {isa = PBXBuildFile; fileRef = 1BCB6DD92DC8CFE0003E6FD8 /* Base */; };
		1BCB6DE62DC949D3003E6FD8 /* TabBarViewController.swift in Sources */ = {isa = PBXBuildFile; fileRef = 1BCB6DE52DC949D3003E6FD8 /* TabBarViewController.swift */; };
		1BCB6DEA2DC94B93003E6FD8 /* TrackerViewController .swift in Sources */ = {isa = PBXBuildFile; fileRef = 1BCB6DE92DC94B93003E6FD8 /* TrackerViewController .swift */; };
		1BCB6DEC2DC94BC5003E6FD8 /* StatisticsViewController.swift in Sources */ = {isa = PBXBuildFile; fileRef = 1BCB6DEB2DC94BC5003E6FD8 /* StatisticsViewController.swift */; };
		4A01A9972E28005D0055D651 /* AppResources.swift in Sources */ = {isa = PBXBuildFile; fileRef = 4A01A9962E2800540055D651 /* AppResources.swift */; };
		4A01A9992E2816370055D651 /* emojiCollectionCell.swift in Sources */ = {isa = PBXBuildFile; fileRef = 4A01A9982E2816290055D651 /* emojiCollectionCell.swift */; };
		4A01A99B2E2816470055D651 /* colorColletionCell.swift in Sources */ = {isa = PBXBuildFile; fileRef = 4A01A99A2E28163B0055D651 /* colorColletionCell.swift */; };
		4A4C01482E18075F00D6E0A0 /* TextFieldExtension.swift in Sources */ = {isa = PBXBuildFile; fileRef = 4A4C01472E18075400D6E0A0 /* TextFieldExtension.swift */; };
		4A4C014A2E1837B300D6E0A0 /* ScheduleViewController.swift in Sources */ = {isa = PBXBuildFile; fileRef = 4A4C01492E1837A900D6E0A0 /* ScheduleViewController.swift */; };
		4A4C014C2E183E4800D6E0A0 /* OptionTableViewCell.swift in Sources */ = {isa = PBXBuildFile; fileRef = 4A4C014B2E183E1600D6E0A0 /* OptionTableViewCell.swift */; };
		4A4C01502E25750E00D6E0A0 /* ScheduleCell.swift in Sources */ = {isa = PBXBuildFile; fileRef = 4A4C014F2E25750600D6E0A0 /* ScheduleCell.swift */; };
		4A561F2E2E4E0AC000E46023 /* CategoryViewCell.swift in Sources */ = {isa = PBXBuildFile; fileRef = 4A561F2D2E4E0AC000E46023 /* CategoryViewCell.swift */; };
		4A5D5E9D2E086144003BC294 /* DateFormatter.swift in Sources */ = {isa = PBXBuildFile; fileRef = 4A5D5E9C2E08613F003BC294 /* DateFormatter.swift */; };
		4A5D5E9F2E0881BC003BC294 /* TrackerCell.swift in Sources */ = {isa = PBXBuildFile; fileRef = 4A5D5E9E2E0881B7003BC294 /* TrackerCell.swift */; };
		4A5D5EA32E0C6D81003BC294 /* HabbitCreator.swift in Sources */ = {isa = PBXBuildFile; fileRef = 4A5D5EA22E0C6D6C003BC294 /* HabbitCreator.swift */; };
		4A6315CB2E36500300901AED /* TrackerDB.xcdatamodeld in Sources */ = {isa = PBXBuildFile; fileRef = 4A6315C92E36500300901AED /* TrackerDB.xcdatamodeld */; };
		4A6315EE2E3A5C8600901AED /* TrackerStore.swift in Sources */ = {isa = PBXBuildFile; fileRef = 4A6315ED2E3A5C8600901AED /* TrackerStore.swift */; };
		4A6315F02E3A5C9300901AED /* TrackerCategoryStore.swift in Sources */ = {isa = PBXBuildFile; fileRef = 4A6315EF2E3A5C8C00901AED /* TrackerCategoryStore.swift */; };
		4A6315F22E3A5CA000901AED /* TrackerRecordStore.swift in Sources */ = {isa = PBXBuildFile; fileRef = 4A6315F12E3A5CA000901AED /* TrackerRecordStore.swift */; };
		4A645CDE2E5121D0005E1C45 /* UICollectionView+Extensions.swift in Sources */ = {isa = PBXBuildFile; fileRef = 4A645CDD2E5121D0005E1C45 /* UICollectionView+Extensions.swift */; };
		4A76A30E2E4EADD600FAC43A /* Localizable.strings in Resources */ = {isa = PBXBuildFile; fileRef = 4A76A30C2E4EADD600FAC43A /* Localizable.strings */; };
		4A76A3112E4EADF200FAC43A /* Localizable.stringsdict in Resources */ = {isa = PBXBuildFile; fileRef = 4A76A30F2E4EADF200FAC43A /* Localizable.stringsdict */; };
		4A88B8F62E41469A006DB110 /* TrackerHeader.swift in Sources */ = {isa = PBXBuildFile; fileRef = 4A88B8F52E41469A006DB110 /* TrackerHeader.swift */; };
		4A88B8F82E4146E2006DB110 /* UIColorMarshalling.swift in Sources */ = {isa = PBXBuildFile; fileRef = 4A88B8F72E4146E2006DB110 /* UIColorMarshalling.swift */; };
		4A88B8FA2E4146FF006DB110 /* DaysValueTransformer.swift in Sources */ = {isa = PBXBuildFile; fileRef = 4A88B8F92E4146FF006DB110 /* DaysValueTransformer.swift */; };
		4A88B8FC2E41471A006DB110 /* Calendar+Extensions.swift in Sources */ = {isa = PBXBuildFile; fileRef = 4A88B8FB2E41471A006DB110 /* Calendar+Extensions.swift */; };
		4A88B8FF2E414769006DB110 /* DataProvider.swift in Sources */ = {isa = PBXBuildFile; fileRef = 4A88B8FE2E414769006DB110 /* DataProvider.swift */; };
		4ADD836E2DFE042E006E3C1A /* Tracker.swift in Sources */ = {isa = PBXBuildFile; fileRef = 4ADD836D2DFE03EE006E3C1A /* Tracker.swift */; };
		4AF286D12E4908E500B133EC /* OnboardingViewController.swift in Sources */ = {isa = PBXBuildFile; fileRef = 4AF286D02E4908E500B133EC /* OnboardingViewController.swift */; };
		4AF286D32E4913CF00B133EC /* Flags.swift in Sources */ = {isa = PBXBuildFile; fileRef = 4AF286D22E4913C700B133EC /* Flags.swift */; };
		4AF286D62E49151100B133EC /* OnboardingPageViewController.swift in Sources */ = {isa = PBXBuildFile; fileRef = 4AF286D52E49151100B133EC /* OnboardingPageViewController.swift */; };
		4AF286FC2E4A305000B133EC /* CategoryViewController.swift in Sources */ = {isa = PBXBuildFile; fileRef = 4AF286FB2E4A305000B133EC /* CategoryViewController.swift */; };
		4AF286FE2E4A305C00B133EC /* CategoryViewModel.swift in Sources */ = {isa = PBXBuildFile; fileRef = 4AF286FD2E4A305C00B133EC /* CategoryViewModel.swift */; };
		4AF287012E4A8E6200B133EC /* UIView+Extensions.swift in Sources */ = {isa = PBXBuildFile; fileRef = 4AF287002E4A8E6200B133EC /* UIView+Extensions.swift */; };
		4AF287032E4A8E8000B133EC /* UITextField+Extensions.swift in Sources */ = {isa = PBXBuildFile; fileRef = 4AF287022E4A8E8000B133EC /* UITextField+Extensions.swift */; };
		4AF287052E4A8E9800B133EC /* Placeholder.swift in Sources */ = {isa = PBXBuildFile; fileRef = 4AF287042E4A8E9800B133EC /* Placeholder.swift */; };
/* End PBXBuildFile section */

/* Begin PBXFileReference section */
		1BCB6DCA2DC8CFDF003E6FD8 /* Tracker.app */ = {isa = PBXFileReference; explicitFileType = wrapper.application; includeInIndex = 0; path = Tracker.app; sourceTree = BUILT_PRODUCTS_DIR; };
		1BCB6DCD2DC8CFDF003E6FD8 /* AppDelegate.swift */ = {isa = PBXFileReference; lastKnownFileType = sourcecode.swift; path = AppDelegate.swift; sourceTree = "<group>"; };
		1BCB6DCF2DC8CFDF003E6FD8 /* SceneDelegate.swift */ = {isa = PBXFileReference; lastKnownFileType = sourcecode.swift; path = SceneDelegate.swift; sourceTree = "<group>"; };
		1BCB6DD62DC8CFE0003E6FD8 /* Assets.xcassets */ = {isa = PBXFileReference; lastKnownFileType = folder.assetcatalog; path = Assets.xcassets; sourceTree = "<group>"; };
		1BCB6DD92DC8CFE0003E6FD8 /* Base */ = {isa = PBXFileReference; lastKnownFileType = file.storyboard; name = Base; path = Base.lproj/LaunchScreen.storyboard; sourceTree = "<group>"; };
		1BCB6DDB2DC8CFE0003E6FD8 /* Info.plist */ = {isa = PBXFileReference; lastKnownFileType = text.plist.xml; path = Info.plist; sourceTree = "<group>"; };
		1BCB6DE52DC949D3003E6FD8 /* TabBarViewController.swift */ = {isa = PBXFileReference; lastKnownFileType = sourcecode.swift; path = TabBarViewController.swift; sourceTree = "<group>"; };
		1BCB6DE92DC94B93003E6FD8 /* TrackerViewController .swift */ = {isa = PBXFileReference; lastKnownFileType = sourcecode.swift; path = "TrackerViewController .swift"; sourceTree = "<group>"; };
		1BCB6DEB2DC94BC5003E6FD8 /* StatisticsViewController.swift */ = {isa = PBXFileReference; lastKnownFileType = sourcecode.swift; path = StatisticsViewController.swift; sourceTree = "<group>"; };
		4A01A9962E2800540055D651 /* AppResources.swift */ = {isa = PBXFileReference; lastKnownFileType = sourcecode.swift; path = AppResources.swift; sourceTree = "<group>"; };
		4A01A9982E2816290055D651 /* emojiCollectionCell.swift */ = {isa = PBXFileReference; lastKnownFileType = sourcecode.swift; path = emojiCollectionCell.swift; sourceTree = "<group>"; };
		4A01A99A2E28163B0055D651 /* colorColletionCell.swift */ = {isa = PBXFileReference; lastKnownFileType = sourcecode.swift; path = colorColletionCell.swift; sourceTree = "<group>"; };
		4A4C01472E18075400D6E0A0 /* TextFieldExtension.swift */ = {isa = PBXFileReference; lastKnownFileType = sourcecode.swift; path = TextFieldExtension.swift; sourceTree = "<group>"; };
		4A4C01492E1837A900D6E0A0 /* ScheduleViewController.swift */ = {isa = PBXFileReference; lastKnownFileType = sourcecode.swift; path = ScheduleViewController.swift; sourceTree = "<group>"; };
		4A4C014B2E183E1600D6E0A0 /* OptionTableViewCell.swift */ = {isa = PBXFileReference; lastKnownFileType = sourcecode.swift; path = OptionTableViewCell.swift; sourceTree = "<group>"; };
		4A4C014F2E25750600D6E0A0 /* ScheduleCell.swift */ = {isa = PBXFileReference; lastKnownFileType = sourcecode.swift; path = ScheduleCell.swift; sourceTree = "<group>"; };
		4A561F2D2E4E0AC000E46023 /* CategoryViewCell.swift */ = {isa = PBXFileReference; lastKnownFileType = sourcecode.swift; path = CategoryViewCell.swift; sourceTree = "<group>"; };
		4A5D5E9C2E08613F003BC294 /* DateFormatter.swift */ = {isa = PBXFileReference; lastKnownFileType = sourcecode.swift; path = DateFormatter.swift; sourceTree = "<group>"; };
		4A5D5E9E2E0881B7003BC294 /* TrackerCell.swift */ = {isa = PBXFileReference; lastKnownFileType = sourcecode.swift; path = TrackerCell.swift; sourceTree = "<group>"; };
		4A5D5EA22E0C6D6C003BC294 /* HabbitCreator.swift */ = {isa = PBXFileReference; lastKnownFileType = sourcecode.swift; path = HabbitCreator.swift; sourceTree = "<group>"; };
		4A6315CA2E36500300901AED /* TrackerDB.xcdatamodel */ = {isa = PBXFileReference; lastKnownFileType = wrapper.xcdatamodel; path = TrackerDB.xcdatamodel; sourceTree = "<group>"; };
		4A6315ED2E3A5C8600901AED /* TrackerStore.swift */ = {isa = PBXFileReference; lastKnownFileType = sourcecode.swift; path = TrackerStore.swift; sourceTree = "<group>"; };
		4A6315EF2E3A5C8C00901AED /* TrackerCategoryStore.swift */ = {isa = PBXFileReference; lastKnownFileType = sourcecode.swift; path = TrackerCategoryStore.swift; sourceTree = "<group>"; };
		4A6315F12E3A5CA000901AED /* TrackerRecordStore.swift */ = {isa = PBXFileReference; lastKnownFileType = sourcecode.swift; path = TrackerRecordStore.swift; sourceTree = "<group>"; };
		4A645CAE2E4EB70C005E1C45 /* en */ = {isa = PBXFileReference; lastKnownFileType = text.plist.strings; name = en; path = en.lproj/LaunchScreen.strings; sourceTree = "<group>"; };
		4A645CAF2E4EB70C005E1C45 /* en */ = {isa = PBXFileReference; lastKnownFileType = text.plist.strings; name = en; path = ../en.lproj/Localizable.strings; sourceTree = "<group>"; };
		4A645CB02E4EB70C005E1C45 /* en */ = {isa = PBXFileReference; lastKnownFileType = text.plist.stringsdict; name = en; path = ../en.lproj/Localizable.stringsdict; sourceTree = "<group>"; };
		4A645CDD2E5121D0005E1C45 /* UICollectionView+Extensions.swift */ = {isa = PBXFileReference; lastKnownFileType = sourcecode.swift; path = "UICollectionView+Extensions.swift"; sourceTree = "<group>"; };
		4A76A30D2E4EADD600FAC43A /* Base */ = {isa = PBXFileReference; lastKnownFileType = text.plist.strings; name = Base; path = Tracker/Base.lproj/Localizable.strings; sourceTree = SOURCE_ROOT; };
		4A76A3102E4EADF200FAC43A /* Base */ = {isa = PBXFileReference; lastKnownFileType = text.plist.stringsdict; name = Base; path = Tracker/Base.lproj/Localizable.stringsdict; sourceTree = SOURCE_ROOT; };
		4A76A3122E4EB60700FAC43A /* ru */ = {isa = PBXFileReference; lastKnownFileType = text.plist.stringsdict; name = ru; path = ../ru.lproj/Localizable.stringsdict; sourceTree = "<group>"; };
		4A76A3132E4EB60A00FAC43A /* ru */ = {isa = PBXFileReference; lastKnownFileType = text.plist.strings; name = ru; path = ../ru.lproj/Localizable.strings; sourceTree = "<group>"; };
		4A88B8F52E41469A006DB110 /* TrackerHeader.swift */ = {isa = PBXFileReference; lastKnownFileType = sourcecode.swift; path = TrackerHeader.swift; sourceTree = "<group>"; };
		4A88B8F72E4146E2006DB110 /* UIColorMarshalling.swift */ = {isa = PBXFileReference; lastKnownFileType = sourcecode.swift; path = UIColorMarshalling.swift; sourceTree = "<group>"; };
		4A88B8F92E4146FF006DB110 /* DaysValueTransformer.swift */ = {isa = PBXFileReference; lastKnownFileType = sourcecode.swift; path = DaysValueTransformer.swift; sourceTree = "<group>"; };
		4A88B8FB2E41471A006DB110 /* Calendar+Extensions.swift */ = {isa = PBXFileReference; lastKnownFileType = sourcecode.swift; path = "Calendar+Extensions.swift"; sourceTree = "<group>"; };
		4A88B8FE2E414769006DB110 /* DataProvider.swift */ = {isa = PBXFileReference; lastKnownFileType = sourcecode.swift; path = DataProvider.swift; sourceTree = "<group>"; };
		4ADD836D2DFE03EE006E3C1A /* Tracker.swift */ = {isa = PBXFileReference; lastKnownFileType = sourcecode.swift; path = Tracker.swift; sourceTree = "<group>"; };
		4AF286D02E4908E500B133EC /* OnboardingViewController.swift */ = {isa = PBXFileReference; lastKnownFileType = sourcecode.swift; path = OnboardingViewController.swift; sourceTree = "<group>"; };
		4AF286D22E4913C700B133EC /* Flags.swift */ = {isa = PBXFileReference; lastKnownFileType = sourcecode.swift; path = Flags.swift; sourceTree = "<group>"; };
		4AF286D52E49151100B133EC /* OnboardingPageViewController.swift */ = {isa = PBXFileReference; lastKnownFileType = sourcecode.swift; path = OnboardingPageViewController.swift; sourceTree = "<group>"; };
		4AF286FB2E4A305000B133EC /* CategoryViewController.swift */ = {isa = PBXFileReference; lastKnownFileType = sourcecode.swift; path = CategoryViewController.swift; sourceTree = "<group>"; };
		4AF286FD2E4A305C00B133EC /* CategoryViewModel.swift */ = {isa = PBXFileReference; lastKnownFileType = sourcecode.swift; path = CategoryViewModel.swift; sourceTree = "<group>"; };
		4AF287002E4A8E6200B133EC /* UIView+Extensions.swift */ = {isa = PBXFileReference; lastKnownFileType = sourcecode.swift; path = "UIView+Extensions.swift"; sourceTree = "<group>"; };
		4AF287022E4A8E8000B133EC /* UITextField+Extensions.swift */ = {isa = PBXFileReference; lastKnownFileType = sourcecode.swift; path = "UITextField+Extensions.swift"; sourceTree = "<group>"; };
		4AF287042E4A8E9800B133EC /* Placeholder.swift */ = {isa = PBXFileReference; lastKnownFileType = sourcecode.swift; path = Placeholder.swift; sourceTree = "<group>"; };
/* End PBXFileReference section */

/* Begin PBXFrameworksBuildPhase section */
		1BCB6DC72DC8CFDF003E6FD8 /* Frameworks */ = {
			isa = PBXFrameworksBuildPhase;
			buildActionMask = 2147483647;
			files = (
			);
			runOnlyForDeploymentPostprocessing = 0;
		};
/* End PBXFrameworksBuildPhase section */

/* Begin PBXGroup section */
		1BCB6DC12DC8CFDF003E6FD8 = {
			isa = PBXGroup;
			children = (
				1BCB6DCC2DC8CFDF003E6FD8 /* Tracker */,
				1BCB6DCB2DC8CFDF003E6FD8 /* Products */,
			);
			sourceTree = "<group>";
		};
		1BCB6DCB2DC8CFDF003E6FD8 /* Products */ = {
			isa = PBXGroup;
			children = (
				1BCB6DCA2DC8CFDF003E6FD8 /* Tracker.app */,
			);
			name = Products;
			sourceTree = "<group>";
		};
		1BCB6DCC2DC8CFDF003E6FD8 /* Tracker */ = {
			isa = PBXGroup;
			children = (
				4A76A2F52E4E9E9900FAC43A /* Localization */,
				4AF286D42E4913D800B133EC /* Onboarding */,
				4A88B8FD2E41474C006DB110 /* Servicess */,
				4A6315EC2E3A570A00901AED /* CoreData */,
				4ADD836C2DFE03E3006E3C1A /* Models */,
				1BCB6DE82DC94B76003E6FD8 /* StatisticsView */,
				1BCB6DE72DC94B55003E6FD8 /* TrackerView */,
				1BCB6DE42DC949BF003E6FD8 /* TabBar */,
				1BCB6DCD2DC8CFDF003E6FD8 /* AppDelegate.swift */,
				1BCB6DCF2DC8CFDF003E6FD8 /* SceneDelegate.swift */,
				1BCB6DE12DC94645003E6FD8 /* Helpers + Extensions  */,
				1BCB6DD62DC8CFE0003E6FD8 /* Assets.xcassets */,
				1BCB6DD82DC8CFE0003E6FD8 /* LaunchScreen.storyboard */,
				1BCB6DDB2DC8CFE0003E6FD8 /* Info.plist */,
			);
			path = Tracker;
			sourceTree = "<group>";
		};
		1BCB6DE12DC94645003E6FD8 /* Helpers + Extensions  */ = {
			isa = PBXGroup;
			children = (
				4A4C01472E18075400D6E0A0 /* TextFieldExtension.swift */,
				4A5D5E9C2E08613F003BC294 /* DateFormatter.swift */,
				4A88B8F72E4146E2006DB110 /* UIColorMarshalling.swift */,
				4A88B8F92E4146FF006DB110 /* DaysValueTransformer.swift */,
				4A88B8FB2E41471A006DB110 /* Calendar+Extensions.swift */,
				4AF287002E4A8E6200B133EC /* UIView+Extensions.swift */,
				4AF287022E4A8E8000B133EC /* UITextField+Extensions.swift */,
				4AF287042E4A8E9800B133EC /* Placeholder.swift */,
				4A645CDD2E5121D0005E1C45 /* UICollectionView+Extensions.swift */,
			);
			path = "Helpers + Extensions ";
			sourceTree = "<group>";
		};
		1BCB6DE42DC949BF003E6FD8 /* TabBar */ = {
			isa = PBXGroup;
			children = (
				1BCB6DE52DC949D3003E6FD8 /* TabBarViewController.swift */,
			);
			path = TabBar;
			sourceTree = "<group>";
		};
		1BCB6DE72DC94B55003E6FD8 /* TrackerView */ = {
			isa = PBXGroup;
			children = (
				4A4C01512E257C0A00D6E0A0 /* HabbitCreator */,
				4A5D5E9E2E0881B7003BC294 /* TrackerCell.swift */,
				4A88B8F52E41469A006DB110 /* TrackerHeader.swift */,
				1BCB6DE92DC94B93003E6FD8 /* TrackerViewController .swift */,
			);
			path = TrackerView;
			sourceTree = "<group>";
		};
		1BCB6DE82DC94B76003E6FD8 /* StatisticsView */ = {
			isa = PBXGroup;
			children = (
				1BCB6DEB2DC94BC5003E6FD8 /* StatisticsViewController.swift */,
			);
			path = StatisticsView;
			sourceTree = "<group>";
		};
		4A4C01512E257C0A00D6E0A0 /* HabbitCreator */ = {
			isa = PBXGroup;
			children = (
				4AF286FA2E4A303900B133EC /* Category */,
				4A4C014B2E183E1600D6E0A0 /* OptionTableViewCell.swift */,
				4A4C01492E1837A900D6E0A0 /* ScheduleViewController.swift */,
				4A4C014F2E25750600D6E0A0 /* ScheduleCell.swift */,
				4A5D5EA22E0C6D6C003BC294 /* HabbitCreator.swift */,
				4A63159F2E312B0000901AED /* habbitCollectionCells */,
			);
			path = HabbitCreator;
			sourceTree = "<group>";
		};
		4A63159F2E312B0000901AED /* habbitCollectionCells */ = {
			isa = PBXGroup;
			children = (
				4A01A9982E2816290055D651 /* emojiCollectionCell.swift */,
				4A01A99A2E28163B0055D651 /* colorColletionCell.swift */,
			);
			path = habbitCollectionCells;
			sourceTree = "<group>";
		};
		4A6315EC2E3A570A00901AED /* CoreData */ = {
			isa = PBXGroup;
			children = (
				4AF286FF2E4A308F00B133EC /* Storage */,
				4A6315C92E36500300901AED /* TrackerDB.xcdatamodeld */,
			);
			path = CoreData;
			sourceTree = "<group>";
		};
		4A76A2F52E4E9E9900FAC43A /* Localization */ = {
			isa = PBXGroup;
			children = (
				4A76A30C2E4EADD600FAC43A /* Localizable.strings */,
				4A76A30F2E4EADF200FAC43A /* Localizable.stringsdict */,
			);
			path = Localization;
			sourceTree = "<group>";
		};
		4A88B8FD2E41474C006DB110 /* Servicess */ = {
			isa = PBXGroup;
			children = (
				4AF286D22E4913C700B133EC /* Flags.swift */,
				4A88B8FE2E414769006DB110 /* DataProvider.swift */,
			);
			path = Servicess;
			sourceTree = "<group>";
		};
		4ADD836C2DFE03E3006E3C1A /* Models */ = {
			isa = PBXGroup;
			children = (
				4A01A9962E2800540055D651 /* AppResources.swift */,
				4ADD836D2DFE03EE006E3C1A /* Tracker.swift */,
			);
			path = Models;
			sourceTree = "<group>";
		};
		4AF286D42E4913D800B133EC /* Onboarding */ = {
			isa = PBXGroup;
			children = (
				4AF286D02E4908E500B133EC /* OnboardingViewController.swift */,
				4AF286D52E49151100B133EC /* OnboardingPageViewController.swift */,
			);
			path = Onboarding;
			sourceTree = "<group>";
		};
		4AF286FA2E4A303900B133EC /* Category */ = {
			isa = PBXGroup;
			children = (
				4AF286FB2E4A305000B133EC /* CategoryViewController.swift */,
				4AF286FD2E4A305C00B133EC /* CategoryViewModel.swift */,
				4A561F2D2E4E0AC000E46023 /* CategoryViewCell.swift */,
			);
			path = Category;
			sourceTree = "<group>";
		};
		4AF286FF2E4A308F00B133EC /* Storage */ = {
			isa = PBXGroup;
			children = (
				4A6315ED2E3A5C8600901AED /* TrackerStore.swift */,
				4A6315EF2E3A5C8C00901AED /* TrackerCategoryStore.swift */,
				4A6315F12E3A5CA000901AED /* TrackerRecordStore.swift */,
			);
			path = Storage;
			sourceTree = "<group>";
		};
/* End PBXGroup section */

/* Begin PBXNativeTarget section */
		1BCB6DC92DC8CFDF003E6FD8 /* Tracker */ = {
			isa = PBXNativeTarget;
			buildConfigurationList = 1BCB6DDE2DC8CFE0003E6FD8 /* Build configuration list for PBXNativeTarget "Tracker" */;
			buildPhases = (
				1BCB6DC62DC8CFDF003E6FD8 /* Sources */,
				1BCB6DC72DC8CFDF003E6FD8 /* Frameworks */,
				1BCB6DC82DC8CFDF003E6FD8 /* Resources */,
			);
			buildRules = (
			);
			dependencies = (
			);
			name = Tracker;
			productName = Tracker;
			productReference = 1BCB6DCA2DC8CFDF003E6FD8 /* Tracker.app */;
			productType = "com.apple.product-type.application";
		};
/* End PBXNativeTarget section */

/* Begin PBXProject section */
		1BCB6DC22DC8CFDF003E6FD8 /* Project object */ = {
			isa = PBXProject;
			attributes = {
				BuildIndependentTargetsInParallel = 1;
				LastSwiftUpdateCheck = 1540;
				LastUpgradeCheck = 1540;
				TargetAttributes = {
					1BCB6DC92DC8CFDF003E6FD8 = {
						CreatedOnToolsVersion = 15.4;
					};
				};
			};
			buildConfigurationList = 1BCB6DC52DC8CFDF003E6FD8 /* Build configuration list for PBXProject "Tracker" */;
			compatibilityVersion = "Xcode 14.0";
			developmentRegion = ru;
			hasScannedForEncodings = 0;
			knownRegions = (
				Base,
				ru,
				en,
			);
			mainGroup = 1BCB6DC12DC8CFDF003E6FD8;
			productRefGroup = 1BCB6DCB2DC8CFDF003E6FD8 /* Products */;
			projectDirPath = "";
			projectRoot = "";
			targets = (
				1BCB6DC92DC8CFDF003E6FD8 /* Tracker */,
			);
		};
/* End PBXProject section */

/* Begin PBXResourcesBuildPhase section */
		1BCB6DC82DC8CFDF003E6FD8 /* Resources */ = {
			isa = PBXResourcesBuildPhase;
			buildActionMask = 2147483647;
			files = (
				4A76A30E2E4EADD600FAC43A /* Localizable.strings in Resources */,
				1BCB6DD72DC8CFE0003E6FD8 /* Assets.xcassets in Resources */,
				1BCB6DDA2DC8CFE0003E6FD8 /* Base in Resources */,
				4A76A3112E4EADF200FAC43A /* Localizable.stringsdict in Resources */,
			);
			runOnlyForDeploymentPostprocessing = 0;
		};
/* End PBXResourcesBuildPhase section */

/* Begin PBXSourcesBuildPhase section */
		1BCB6DC62DC8CFDF003E6FD8 /* Sources */ = {
			isa = PBXSourcesBuildPhase;
			buildActionMask = 2147483647;
			files = (
				4A88B8F82E4146E2006DB110 /* UIColorMarshalling.swift in Sources */,
				4A6315CB2E36500300901AED /* TrackerDB.xcdatamodeld in Sources */,
				4A4C014A2E1837B300D6E0A0 /* ScheduleViewController.swift in Sources */,
				1BCB6DE62DC949D3003E6FD8 /* TabBarViewController.swift in Sources */,
				4AF286FE2E4A305C00B133EC /* CategoryViewModel.swift in Sources */,
				4A88B8FF2E414769006DB110 /* DataProvider.swift in Sources */,
				4A4C01502E25750E00D6E0A0 /* ScheduleCell.swift in Sources */,
				4A645CDE2E5121D0005E1C45 /* UICollectionView+Extensions.swift in Sources */,
				4A6315F22E3A5CA000901AED /* TrackerRecordStore.swift in Sources */,
				4AF287052E4A8E9800B133EC /* Placeholder.swift in Sources */,
				4A4C014C2E183E4800D6E0A0 /* OptionTableViewCell.swift in Sources */,
				4AF286D62E49151100B133EC /* OnboardingPageViewController.swift in Sources */,
				4AF286FC2E4A305000B133EC /* CategoryViewController.swift in Sources */,
				4A01A9972E28005D0055D651 /* AppResources.swift in Sources */,
				4A01A9992E2816370055D651 /* emojiCollectionCell.swift in Sources */,
				4A4C01482E18075F00D6E0A0 /* TextFieldExtension.swift in Sources */,
				4A88B8F62E41469A006DB110 /* TrackerHeader.swift in Sources */,
				1BCB6DCE2DC8CFDF003E6FD8 /* AppDelegate.swift in Sources */,
				4A5D5E9D2E086144003BC294 /* DateFormatter.swift in Sources */,
				4A5D5E9F2E0881BC003BC294 /* TrackerCell.swift in Sources */,
				4AF286D12E4908E500B133EC /* OnboardingViewController.swift in Sources */,
				4A6315F02E3A5C9300901AED /* TrackerCategoryStore.swift in Sources */,
				4A6315EE2E3A5C8600901AED /* TrackerStore.swift in Sources */,
				4A561F2E2E4E0AC000E46023 /* CategoryViewCell.swift in Sources */,
				1BCB6DEC2DC94BC5003E6FD8 /* StatisticsViewController.swift in Sources */,
				4A5D5EA32E0C6D81003BC294 /* HabbitCreator.swift in Sources */,
				4A01A99B2E2816470055D651 /* colorColletionCell.swift in Sources */,
				1BCB6DEA2DC94B93003E6FD8 /* TrackerViewController .swift in Sources */,
				4AF287032E4A8E8000B133EC /* UITextField+Extensions.swift in Sources */,
				4A88B8FC2E41471A006DB110 /* Calendar+Extensions.swift in Sources */,
				1BCB6DD02DC8CFDF003E6FD8 /* SceneDelegate.swift in Sources */,
				4A88B8FA2E4146FF006DB110 /* DaysValueTransformer.swift in Sources */,
				4AF287012E4A8E6200B133EC /* UIView+Extensions.swift in Sources */,
				4ADD836E2DFE042E006E3C1A /* Tracker.swift in Sources */,
				4AF286D32E4913CF00B133EC /* Flags.swift in Sources */,
			);
			runOnlyForDeploymentPostprocessing = 0;
		};
/* End PBXSourcesBuildPhase section */

/* Begin PBXVariantGroup section */
		1BCB6DD82DC8CFE0003E6FD8 /* LaunchScreen.storyboard */ = {
			isa = PBXVariantGroup;
			children = (
				1BCB6DD92DC8CFE0003E6FD8 /* Base */,
				4A645CAE2E4EB70C005E1C45 /* en */,
			);
			name = LaunchScreen.storyboard;
			sourceTree = "<group>";
		};
		4A76A30C2E4EADD600FAC43A /* Localizable.strings */ = {
			isa = PBXVariantGroup;
			children = (
				4A76A30D2E4EADD600FAC43A /* Base */,
				4A76A3132E4EB60A00FAC43A /* ru */,
				4A645CAF2E4EB70C005E1C45 /* en */,
			);
			name = Localizable.strings;
			sourceTree = "<group>";
		};
		4A76A30F2E4EADF200FAC43A /* Localizable.stringsdict */ = {
			isa = PBXVariantGroup;
			children = (
				4A76A3102E4EADF200FAC43A /* Base */,
				4A76A3122E4EB60700FAC43A /* ru */,
				4A645CB02E4EB70C005E1C45 /* en */,
			);
			name = Localizable.stringsdict;
			sourceTree = "<group>";
		};
/* End PBXVariantGroup section */

/* Begin XCBuildConfiguration section */
		1BCB6DDC2DC8CFE0003E6FD8 /* Debug */ = {
			isa = XCBuildConfiguration;
			buildSettings = {
				ALWAYS_SEARCH_USER_PATHS = NO;
				ASSETCATALOG_COMPILER_GENERATE_SWIFT_ASSET_SYMBOL_EXTENSIONS = YES;
				CLANG_ANALYZER_LOCALIZABILITY_NONLOCALIZED = YES;
				CLANG_ANALYZER_NONNULL = YES;
				CLANG_ANALYZER_NUMBER_OBJECT_CONVERSION = YES_AGGRESSIVE;
				CLANG_CXX_LANGUAGE_STANDARD = "gnu++20";
				CLANG_ENABLE_MODULES = YES;
				CLANG_ENABLE_OBJC_ARC = YES;
				CLANG_ENABLE_OBJC_WEAK = YES;
				CLANG_WARN_BLOCK_CAPTURE_AUTORELEASING = YES;
				CLANG_WARN_BOOL_CONVERSION = YES;
				CLANG_WARN_COMMA = YES;
				CLANG_WARN_CONSTANT_CONVERSION = YES;
				CLANG_WARN_DEPRECATED_OBJC_IMPLEMENTATIONS = YES;
				CLANG_WARN_DIRECT_OBJC_ISA_USAGE = YES_ERROR;
				CLANG_WARN_DOCUMENTATION_COMMENTS = YES;
				CLANG_WARN_EMPTY_BODY = YES;
				CLANG_WARN_ENUM_CONVERSION = YES;
				CLANG_WARN_INFINITE_RECURSION = YES;
				CLANG_WARN_INT_CONVERSION = YES;
				CLANG_WARN_NON_LITERAL_NULL_CONVERSION = YES;
				CLANG_WARN_OBJC_IMPLICIT_RETAIN_SELF = YES;
				CLANG_WARN_OBJC_LITERAL_CONVERSION = YES;
				CLANG_WARN_OBJC_ROOT_CLASS = YES_ERROR;
				CLANG_WARN_QUOTED_INCLUDE_IN_FRAMEWORK_HEADER = YES;
				CLANG_WARN_RANGE_LOOP_ANALYSIS = YES;
				CLANG_WARN_STRICT_PROTOTYPES = YES;
				CLANG_WARN_SUSPICIOUS_MOVE = YES;
				CLANG_WARN_UNGUARDED_AVAILABILITY = YES_AGGRESSIVE;
				CLANG_WARN_UNREACHABLE_CODE = YES;
				CLANG_WARN__DUPLICATE_METHOD_MATCH = YES;
				COPY_PHASE_STRIP = NO;
				DEBUG_INFORMATION_FORMAT = dwarf;
				ENABLE_STRICT_OBJC_MSGSEND = YES;
				ENABLE_TESTABILITY = YES;
				ENABLE_USER_SCRIPT_SANDBOXING = YES;
				GCC_C_LANGUAGE_STANDARD = gnu17;
				GCC_DYNAMIC_NO_PIC = NO;
				GCC_NO_COMMON_BLOCKS = YES;
				GCC_OPTIMIZATION_LEVEL = 0;
				GCC_PREPROCESSOR_DEFINITIONS = (
					"DEBUG=1",
					"$(inherited)",
				);
				GCC_WARN_64_TO_32_BIT_CONVERSION = YES;
				GCC_WARN_ABOUT_RETURN_TYPE = YES_ERROR;
				GCC_WARN_UNDECLARED_SELECTOR = YES;
				GCC_WARN_UNINITIALIZED_AUTOS = YES_AGGRESSIVE;
				GCC_WARN_UNUSED_FUNCTION = YES;
				GCC_WARN_UNUSED_VARIABLE = YES;
				IPHONEOS_DEPLOYMENT_TARGET = 17.5;
				LOCALIZATION_PREFERS_STRING_CATALOGS = YES;
				MTL_ENABLE_DEBUG_INFO = INCLUDE_SOURCE;
				MTL_FAST_MATH = YES;
				ONLY_ACTIVE_ARCH = YES;
				SDKROOT = iphoneos;
				SWIFT_ACTIVE_COMPILATION_CONDITIONS = "DEBUG $(inherited)";
				SWIFT_OPTIMIZATION_LEVEL = "-Onone";
			};
			name = Debug;
		};
		1BCB6DDD2DC8CFE0003E6FD8 /* Release */ = {
			isa = XCBuildConfiguration;
			buildSettings = {
				ALWAYS_SEARCH_USER_PATHS = NO;
				ASSETCATALOG_COMPILER_GENERATE_SWIFT_ASSET_SYMBOL_EXTENSIONS = YES;
				CLANG_ANALYZER_LOCALIZABILITY_NONLOCALIZED = YES;
				CLANG_ANALYZER_NONNULL = YES;
				CLANG_ANALYZER_NUMBER_OBJECT_CONVERSION = YES_AGGRESSIVE;
				CLANG_CXX_LANGUAGE_STANDARD = "gnu++20";
				CLANG_ENABLE_MODULES = YES;
				CLANG_ENABLE_OBJC_ARC = YES;
				CLANG_ENABLE_OBJC_WEAK = YES;
				CLANG_WARN_BLOCK_CAPTURE_AUTORELEASING = YES;
				CLANG_WARN_BOOL_CONVERSION = YES;
				CLANG_WARN_COMMA = YES;
				CLANG_WARN_CONSTANT_CONVERSION = YES;
				CLANG_WARN_DEPRECATED_OBJC_IMPLEMENTATIONS = YES;
				CLANG_WARN_DIRECT_OBJC_ISA_USAGE = YES_ERROR;
				CLANG_WARN_DOCUMENTATION_COMMENTS = YES;
				CLANG_WARN_EMPTY_BODY = YES;
				CLANG_WARN_ENUM_CONVERSION = YES;
				CLANG_WARN_INFINITE_RECURSION = YES;
				CLANG_WARN_INT_CONVERSION = YES;
				CLANG_WARN_NON_LITERAL_NULL_CONVERSION = YES;
				CLANG_WARN_OBJC_IMPLICIT_RETAIN_SELF = YES;
				CLANG_WARN_OBJC_LITERAL_CONVERSION = YES;
				CLANG_WARN_OBJC_ROOT_CLASS = YES_ERROR;
				CLANG_WARN_QUOTED_INCLUDE_IN_FRAMEWORK_HEADER = YES;
				CLANG_WARN_RANGE_LOOP_ANALYSIS = YES;
				CLANG_WARN_STRICT_PROTOTYPES = YES;
				CLANG_WARN_SUSPICIOUS_MOVE = YES;
				CLANG_WARN_UNGUARDED_AVAILABILITY = YES_AGGRESSIVE;
				CLANG_WARN_UNREACHABLE_CODE = YES;
				CLANG_WARN__DUPLICATE_METHOD_MATCH = YES;
				COPY_PHASE_STRIP = NO;
				DEBUG_INFORMATION_FORMAT = "dwarf-with-dsym";
				ENABLE_NS_ASSERTIONS = NO;
				ENABLE_STRICT_OBJC_MSGSEND = YES;
				ENABLE_USER_SCRIPT_SANDBOXING = YES;
				GCC_C_LANGUAGE_STANDARD = gnu17;
				GCC_NO_COMMON_BLOCKS = YES;
				GCC_WARN_64_TO_32_BIT_CONVERSION = YES;
				GCC_WARN_ABOUT_RETURN_TYPE = YES_ERROR;
				GCC_WARN_UNDECLARED_SELECTOR = YES;
				GCC_WARN_UNINITIALIZED_AUTOS = YES_AGGRESSIVE;
				GCC_WARN_UNUSED_FUNCTION = YES;
				GCC_WARN_UNUSED_VARIABLE = YES;
				IPHONEOS_DEPLOYMENT_TARGET = 17.5;
				LOCALIZATION_PREFERS_STRING_CATALOGS = YES;
				MTL_ENABLE_DEBUG_INFO = NO;
				MTL_FAST_MATH = YES;
				SDKROOT = iphoneos;
				SWIFT_COMPILATION_MODE = wholemodule;
				VALIDATE_PRODUCT = YES;
			};
			name = Release;
		};
		1BCB6DDF2DC8CFE0003E6FD8 /* Debug */ = {
			isa = XCBuildConfiguration;
			buildSettings = {
				ASSETCATALOG_COMPILER_APPICON_NAME = AppIcon;
				ASSETCATALOG_COMPILER_GLOBAL_ACCENT_COLOR_NAME = AccentColor;
				CODE_SIGN_STYLE = Automatic;
				CURRENT_PROJECT_VERSION = 1;
				DEVELOPMENT_TEAM = 39TKVVWTY8;
				GENERATE_INFOPLIST_FILE = YES;
				INFOPLIST_FILE = Tracker/Info.plist;
				INFOPLIST_KEY_UIApplicationSupportsIndirectInputEvents = YES;
				INFOPLIST_KEY_UILaunchStoryboardName = LaunchScreen;
				INFOPLIST_KEY_UISupportedInterfaceOrientations = UIInterfaceOrientationPortrait;
				IPHONEOS_DEPLOYMENT_TARGET = 13.4;
				LD_RUNPATH_SEARCH_PATHS = (
					"$(inherited)",
					"@executable_path/Frameworks",
				);
				MARKETING_VERSION = 1.0;
				PRODUCT_BUNDLE_IDENTIFIER = com.skeeff.Tracker;
				PRODUCT_NAME = "$(TARGET_NAME)";
				SUPPORTED_PLATFORMS = "iphoneos iphonesimulator";
				SUPPORTS_MACCATALYST = NO;
				SUPPORTS_MAC_DESIGNED_FOR_IPHONE_IPAD = NO;
				SUPPORTS_XR_DESIGNED_FOR_IPHONE_IPAD = NO;
				SWIFT_EMIT_LOC_STRINGS = YES;
				SWIFT_VERSION = 5.0;
				TARGETED_DEVICE_FAMILY = 1;
			};
			name = Debug;
		};
		1BCB6DE02DC8CFE0003E6FD8 /* Release */ = {
			isa = XCBuildConfiguration;
			buildSettings = {
				ASSETCATALOG_COMPILER_APPICON_NAME = AppIcon;
				ASSETCATALOG_COMPILER_GLOBAL_ACCENT_COLOR_NAME = AccentColor;
				CODE_SIGN_STYLE = Automatic;
				CURRENT_PROJECT_VERSION = 1;
				DEVELOPMENT_TEAM = 39TKVVWTY8;
				GENERATE_INFOPLIST_FILE = YES;
				INFOPLIST_FILE = Tracker/Info.plist;
				INFOPLIST_KEY_UIApplicationSupportsIndirectInputEvents = YES;
				INFOPLIST_KEY_UILaunchStoryboardName = LaunchScreen;
				INFOPLIST_KEY_UISupportedInterfaceOrientations = UIInterfaceOrientationPortrait;
				IPHONEOS_DEPLOYMENT_TARGET = 13.4;
				LD_RUNPATH_SEARCH_PATHS = (
					"$(inherited)",
					"@executable_path/Frameworks",
				);
				MARKETING_VERSION = 1.0;
				PRODUCT_BUNDLE_IDENTIFIER = com.skeeff.Tracker;
				PRODUCT_NAME = "$(TARGET_NAME)";
				SUPPORTED_PLATFORMS = "iphoneos iphonesimulator";
				SUPPORTS_MACCATALYST = NO;
				SUPPORTS_MAC_DESIGNED_FOR_IPHONE_IPAD = NO;
				SUPPORTS_XR_DESIGNED_FOR_IPHONE_IPAD = NO;
				SWIFT_EMIT_LOC_STRINGS = YES;
				SWIFT_VERSION = 5.0;
				TARGETED_DEVICE_FAMILY = 1;
			};
			name = Release;
		};
/* End XCBuildConfiguration section */

/* Begin XCConfigurationList section */
		1BCB6DC52DC8CFDF003E6FD8 /* Build configuration list for PBXProject "Tracker" */ = {
			isa = XCConfigurationList;
			buildConfigurations = (
				1BCB6DDC2DC8CFE0003E6FD8 /* Debug */,
				1BCB6DDD2DC8CFE0003E6FD8 /* Release */,
			);
			defaultConfigurationIsVisible = 0;
			defaultConfigurationName = Release;
		};
		1BCB6DDE2DC8CFE0003E6FD8 /* Build configuration list for PBXNativeTarget "Tracker" */ = {
			isa = XCConfigurationList;
			buildConfigurations = (
				1BCB6DDF2DC8CFE0003E6FD8 /* Debug */,
				1BCB6DE02DC8CFE0003E6FD8 /* Release */,
			);
			defaultConfigurationIsVisible = 0;
			defaultConfigurationName = Release;
		};
/* End XCConfigurationList section */

/* Begin XCVersionGroup section */
		4A6315C92E36500300901AED /* TrackerDB.xcdatamodeld */ = {
			isa = XCVersionGroup;
			children = (
				4A6315CA2E36500300901AED /* TrackerDB.xcdatamodel */,
			);
			currentVersion = 4A6315CA2E36500300901AED /* TrackerDB.xcdatamodel */;
			path = TrackerDB.xcdatamodeld;
			sourceTree = "<group>";
			versionGroupType = wrapper.xcdatamodel;
		};
/* End XCVersionGroup section */
	};
	rootObject = 1BCB6DC22DC8CFDF003E6FD8 /* Project object */;
}
